// !$*UTF8*$!
{
	archiveVersion = 1;
	classes = {
	};
	objectVersion = 55;
	objects = {

/* Begin PBXBuildFile section */
		E8377D0927ADE47200A8063E /* AppDelegate.swift in Sources */ = {isa = PBXBuildFile; fileRef = E8377D0827ADE47200A8063E /* AppDelegate.swift */; };
		E8377D0B27ADE47200A8063E /* SceneDelegate.swift in Sources */ = {isa = PBXBuildFile; fileRef = E8377D0A27ADE47200A8063E /* SceneDelegate.swift */; };
		E8377D0D27ADE47200A8063E /* ViewController.swift in Sources */ = {isa = PBXBuildFile; fileRef = E8377D0C27ADE47200A8063E /* ViewController.swift */; };
		E8377D1027ADE47200A8063E /* Main.storyboard in Resources */ = {isa = PBXBuildFile; fileRef = E8377D0E27ADE47200A8063E /* Main.storyboard */; };
		E8377D1227ADE47A00A8063E /* Assets.xcassets in Resources */ = {isa = PBXBuildFile; fileRef = E8377D1127ADE47A00A8063E /* Assets.xcassets */; };
		E8377D1527ADE47A00A8063E /* LaunchScreen.storyboard in Resources */ = {isa = PBXBuildFile; fileRef = E8377D1327ADE47A00A8063E /* LaunchScreen.storyboard */; };
		E8377D2327ADE50C00A8063E /* NetworkEngine.swift in Sources */ = {isa = PBXBuildFile; fileRef = E8377D2227ADE50C00A8063E /* NetworkEngine.swift */; };
		E8377D2527ADE55500A8063E /* Endpoints.swift in Sources */ = {isa = PBXBuildFile; fileRef = E8377D2427ADE55500A8063E /* Endpoints.swift */; };
		E8377D2727ADE59900A8063E /* CryptoEndpoints.swift in Sources */ = {isa = PBXBuildFile; fileRef = E8377D2627ADE59900A8063E /* CryptoEndpoints.swift */; };
		E8377D2927ADE79F00A8063E /* CryptoModel.swift in Sources */ = {isa = PBXBuildFile; fileRef = E8377D2827ADE79F00A8063E /* CryptoModel.swift */; };
		E8377D2B27AEA3E400A8063E /* CryptoPrizeAPI.swift in Sources */ = {isa = PBXBuildFile; fileRef = E8377D2A27AEA3E400A8063E /* CryptoPrizeAPI.swift */; };
		E8377D2D27AEA77400A8063E /* CryptoViewModel.swift in Sources */ = {isa = PBXBuildFile; fileRef = E8377D2C27AEA77400A8063E /* CryptoViewModel.swift */; };
		E8377D3027AEBF8900A8063E /* ViewModelToVC.swift in Sources */ = {isa = PBXBuildFile; fileRef = E8377D2F27AEBF8900A8063E /* ViewModelToVC.swift */; };
		E8377D3327AED61900A8063E /* TableViewHandler.swift in Sources */ = {isa = PBXBuildFile; fileRef = E8377D3227AED61900A8063E /* TableViewHandler.swift */; };
		E8377D3727AEDFCA00A8063E /* CryptoTableViewCell.swift in Sources */ = {isa = PBXBuildFile; fileRef = E8377D3627AEDFCA00A8063E /* CryptoTableViewCell.swift */; };
		E8377D3A27AEE9E700A8063E /* ImageDownloader.swift in Sources */ = {isa = PBXBuildFile; fileRef = E8377D3927AEE9E700A8063E /* ImageDownloader.swift */; };
		E8377D3C27AFE15C00A8063E /* DetailViewController.swift in Sources */ = {isa = PBXBuildFile; fileRef = E8377D3B27AFE15B00A8063E /* DetailViewController.swift */; };
		E8377D3E27AFE89B00A8063E /* TableViewToVC.swift in Sources */ = {isa = PBXBuildFile; fileRef = E8377D3D27AFE89B00A8063E /* TableViewToVC.swift */; };
		E8377D4527B0082100A8063E /* Storyboarded.swift in Sources */ = {isa = PBXBuildFile; fileRef = E8377D4427B0082100A8063E /* Storyboarded.swift */; };
		EEF1DB11A234F0B7C9F1D5D7 /* Pods_Cryptocurrency.framework in Frameworks */ = {isa = PBXBuildFile; fileRef = 6E72E7C5E99F20C189AD68FA /* Pods_Cryptocurrency.framework */; };
/* End PBXBuildFile section */

/* Begin PBXFileReference section */
		314252BF9D2F986AF63B79B6 /* Pods-Cryptocurrency.release.xcconfig */ = {isa = PBXFileReference; includeInIndex = 1; lastKnownFileType = text.xcconfig; name = "Pods-Cryptocurrency.release.xcconfig"; path = "Target Support Files/Pods-Cryptocurrency/Pods-Cryptocurrency.release.xcconfig"; sourceTree = "<group>"; };
		4C45EED86E050F8C32DCA45F /* Pods-Cryptocurrency.debug.xcconfig */ = {isa = PBXFileReference; includeInIndex = 1; lastKnownFileType = text.xcconfig; name = "Pods-Cryptocurrency.debug.xcconfig"; path = "Target Support Files/Pods-Cryptocurrency/Pods-Cryptocurrency.debug.xcconfig"; sourceTree = "<group>"; };
		6E72E7C5E99F20C189AD68FA /* Pods_Cryptocurrency.framework */ = {isa = PBXFileReference; explicitFileType = wrapper.framework; includeInIndex = 0; path = Pods_Cryptocurrency.framework; sourceTree = BUILT_PRODUCTS_DIR; };
		E8377D0527ADE47200A8063E /* Cryptocurrency.app */ = {isa = PBXFileReference; explicitFileType = wrapper.application; includeInIndex = 0; path = Cryptocurrency.app; sourceTree = BUILT_PRODUCTS_DIR; };
		E8377D0827ADE47200A8063E /* AppDelegate.swift */ = {isa = PBXFileReference; lastKnownFileType = sourcecode.swift; path = AppDelegate.swift; sourceTree = "<group>"; };
		E8377D0A27ADE47200A8063E /* SceneDelegate.swift */ = {isa = PBXFileReference; lastKnownFileType = sourcecode.swift; path = SceneDelegate.swift; sourceTree = "<group>"; };
		E8377D0C27ADE47200A8063E /* ViewController.swift */ = {isa = PBXFileReference; lastKnownFileType = sourcecode.swift; path = ViewController.swift; sourceTree = "<group>"; };
		E8377D0F27ADE47200A8063E /* Base */ = {isa = PBXFileReference; lastKnownFileType = file.storyboard; name = Base; path = Base.lproj/Main.storyboard; sourceTree = "<group>"; };
		E8377D1127ADE47A00A8063E /* Assets.xcassets */ = {isa = PBXFileReference; lastKnownFileType = folder.assetcatalog; path = Assets.xcassets; sourceTree = "<group>"; };
		E8377D1427ADE47A00A8063E /* Base */ = {isa = PBXFileReference; lastKnownFileType = file.storyboard; name = Base; path = Base.lproj/LaunchScreen.storyboard; sourceTree = "<group>"; };
		E8377D1627ADE47A00A8063E /* Info.plist */ = {isa = PBXFileReference; lastKnownFileType = text.plist.xml; path = Info.plist; sourceTree = "<group>"; };
		E8377D2227ADE50C00A8063E /* NetworkEngine.swift */ = {isa = PBXFileReference; lastKnownFileType = sourcecode.swift; path = NetworkEngine.swift; sourceTree = "<group>"; };
		E8377D2427ADE55500A8063E /* Endpoints.swift */ = {isa = PBXFileReference; lastKnownFileType = sourcecode.swift; path = Endpoints.swift; sourceTree = "<group>"; };
		E8377D2627ADE59900A8063E /* CryptoEndpoints.swift */ = {isa = PBXFileReference; lastKnownFileType = sourcecode.swift; path = CryptoEndpoints.swift; sourceTree = "<group>"; };
		E8377D2827ADE79F00A8063E /* CryptoModel.swift */ = {isa = PBXFileReference; lastKnownFileType = sourcecode.swift; path = CryptoModel.swift; sourceTree = "<group>"; };
		E8377D2A27AEA3E400A8063E /* CryptoPrizeAPI.swift */ = {isa = PBXFileReference; lastKnownFileType = sourcecode.swift; path = CryptoPrizeAPI.swift; sourceTree = "<group>"; };
		E8377D2C27AEA77400A8063E /* CryptoViewModel.swift */ = {isa = PBXFileReference; lastKnownFileType = sourcecode.swift; path = CryptoViewModel.swift; sourceTree = "<group>"; };
		E8377D2F27AEBF8900A8063E /* ViewModelToVC.swift */ = {isa = PBXFileReference; lastKnownFileType = sourcecode.swift; path = ViewModelToVC.swift; sourceTree = "<group>"; };
		E8377D3227AED61900A8063E /* TableViewHandler.swift */ = {isa = PBXFileReference; lastKnownFileType = sourcecode.swift; path = TableViewHandler.swift; sourceTree = "<group>"; };
		E8377D3627AEDFCA00A8063E /* CryptoTableViewCell.swift */ = {isa = PBXFileReference; lastKnownFileType = sourcecode.swift; path = CryptoTableViewCell.swift; sourceTree = "<group>"; };
		E8377D3927AEE9E700A8063E /* ImageDownloader.swift */ = {isa = PBXFileReference; lastKnownFileType = sourcecode.swift; path = ImageDownloader.swift; sourceTree = "<group>"; };
		E8377D3B27AFE15B00A8063E /* DetailViewController.swift */ = {isa = PBXFileReference; lastKnownFileType = sourcecode.swift; path = DetailViewController.swift; sourceTree = "<group>"; };
		E8377D3D27AFE89B00A8063E /* TableViewToVC.swift */ = {isa = PBXFileReference; lastKnownFileType = sourcecode.swift; path = TableViewToVC.swift; sourceTree = "<group>"; };
		E8377D4427B0082100A8063E /* Storyboarded.swift */ = {isa = PBXFileReference; lastKnownFileType = sourcecode.swift; path = Storyboarded.swift; sourceTree = "<group>"; };
/* End PBXFileReference section */

/* Begin PBXFrameworksBuildPhase section */
		E8377D0227ADE47200A8063E /* Frameworks */ = {
			isa = PBXFrameworksBuildPhase;
			buildActionMask = 2147483647;
			files = (
				EEF1DB11A234F0B7C9F1D5D7 /* Pods_Cryptocurrency.framework in Frameworks */,
			);
			runOnlyForDeploymentPostprocessing = 0;
		};
/* End PBXFrameworksBuildPhase section */

/* Begin PBXGroup section */
		17E4AA02CE04DD2EF085EB70 /* Frameworks */ = {
			isa = PBXGroup;
			children = (
				6E72E7C5E99F20C189AD68FA /* Pods_Cryptocurrency.framework */,
			);
			name = Frameworks;
			sourceTree = "<group>";
		};
		A87277811D521555F949C6E2 /* Pods */ = {
			isa = PBXGroup;
			children = (
				4C45EED86E050F8C32DCA45F /* Pods-Cryptocurrency.debug.xcconfig */,
				314252BF9D2F986AF63B79B6 /* Pods-Cryptocurrency.release.xcconfig */,
			);
			path = Pods;
			sourceTree = "<group>";
		};
		E8377CFC27ADE47200A8063E = {
			isa = PBXGroup;
			children = (
				E8377D0727ADE47200A8063E /* Cryptocurrency */,
				E8377D0627ADE47200A8063E /* Products */,
				A87277811D521555F949C6E2 /* Pods */,
				17E4AA02CE04DD2EF085EB70 /* Frameworks */,
			);
			sourceTree = "<group>";
		};
		E8377D0627ADE47200A8063E /* Products */ = {
			isa = PBXGroup;
			children = (
				E8377D0527ADE47200A8063E /* Cryptocurrency.app */,
			);
			name = Products;
			sourceTree = "<group>";
		};
		E8377D0727ADE47200A8063E /* Cryptocurrency */ = {
			isa = PBXGroup;
			children = (
				E8377D0827ADE47200A8063E /* AppDelegate.swift */,
				E8377D0A27ADE47200A8063E /* SceneDelegate.swift */,
				E8377D4427B0082100A8063E /* Storyboarded.swift */,
				E8377D2027ADE4BA00A8063E /* Network */,
				E8377D3827AEE8AA00A8063E /* ImageCache */,
				E8377D2127ADE4C900A8063E /* APIs */,
				E8377D3127AED5F700A8063E /* TableView */,
				E8377D1E27ADE4A000A8063E /* Controllers */,
				E8377D1D27ADE49800A8063E /* Models */,
				E8377D1C27ADE48800A8063E /* ViewModels */,
				E8377D0E27ADE47200A8063E /* Main.storyboard */,
				E8377D1127ADE47A00A8063E /* Assets.xcassets */,
				E8377D1327ADE47A00A8063E /* LaunchScreen.storyboard */,
				E8377D1627ADE47A00A8063E /* Info.plist */,
			);
			path = Cryptocurrency;
			sourceTree = "<group>";
		};
		E8377D1C27ADE48800A8063E /* ViewModels */ = {
			isa = PBXGroup;
			children = (
				E8377D2E27AEBF6B00A8063E /* Protocols */,
				E8377D2C27AEA77400A8063E /* CryptoViewModel.swift */,
			);
			path = ViewModels;
			sourceTree = "<group>";
		};
		E8377D1D27ADE49800A8063E /* Models */ = {
			isa = PBXGroup;
			children = (
				E8377D2827ADE79F00A8063E /* CryptoModel.swift */,
			);
			path = Models;
			sourceTree = "<group>";
		};
		E8377D1E27ADE4A000A8063E /* Controllers */ = {
			isa = PBXGroup;
			children = (
				E8377D0C27ADE47200A8063E /* ViewController.swift */,
				E8377D3B27AFE15B00A8063E /* DetailViewController.swift */,
			);
			path = Controllers;
			sourceTree = "<group>";
		};
		E8377D2027ADE4BA00A8063E /* Network */ = {
			isa = PBXGroup;
			children = (
				E8377D2227ADE50C00A8063E /* NetworkEngine.swift */,
				E8377D2427ADE55500A8063E /* Endpoints.swift */,
			);
			path = Network;
			sourceTree = "<group>";
		};
		E8377D2127ADE4C900A8063E /* APIs */ = {
			isa = PBXGroup;
			children = (
				E8377D2627ADE59900A8063E /* CryptoEndpoints.swift */,
				E8377D2A27AEA3E400A8063E /* CryptoPrizeAPI.swift */,
			);
			path = APIs;
			sourceTree = "<group>";
		};
		E8377D2E27AEBF6B00A8063E /* Protocols */ = {
			isa = PBXGroup;
			children = (
				E8377D2F27AEBF8900A8063E /* ViewModelToVC.swift */,
			);
			path = Protocols;
			sourceTree = "<group>";
		};
		E8377D3127AED5F700A8063E /* TableView */ = {
			isa = PBXGroup;
			children = (
				E8377D3227AED61900A8063E /* TableViewHandler.swift */,
				E8377D3627AEDFCA00A8063E /* CryptoTableViewCell.swift */,
				E8377D3D27AFE89B00A8063E /* TableViewToVC.swift */,
			);
			path = TableView;
			sourceTree = "<group>";
		};
		E8377D3827AEE8AA00A8063E /* ImageCache */ = {
			isa = PBXGroup;
			children = (
				E8377D3927AEE9E700A8063E /* ImageDownloader.swift */,
			);
			path = ImageCache;
			sourceTree = "<group>";
		};
/* End PBXGroup section */

/* Begin PBXNativeTarget section */
		E8377D0427ADE47200A8063E /* Cryptocurrency */ = {
			isa = PBXNativeTarget;
			buildConfigurationList = E8377D1927ADE47A00A8063E /* Build configuration list for PBXNativeTarget "Cryptocurrency" */;
			buildPhases = (
				069361DAFE8A378E1705A812 /* [CP] Check Pods Manifest.lock */,
				E8377D0127ADE47200A8063E /* Sources */,
				E8377D0227ADE47200A8063E /* Frameworks */,
				E8377D0327ADE47200A8063E /* Resources */,
				C4D26A05FFD98892579D7776 /* [CP] Embed Pods Frameworks */,
			);
			buildRules = (
			);
			dependencies = (
			);
			name = Cryptocurrency;
			productName = Cryptocurrency;
			productReference = E8377D0527ADE47200A8063E /* Cryptocurrency.app */;
			productType = "com.apple.product-type.application";
		};
/* End PBXNativeTarget section */

/* Begin PBXProject section */
		E8377CFD27ADE47200A8063E /* Project object */ = {
			isa = PBXProject;
			attributes = {
				BuildIndependentTargetsInParallel = 1;
				LastSwiftUpdateCheck = 1320;
				LastUpgradeCheck = 1320;
				TargetAttributes = {
					E8377D0427ADE47200A8063E = {
						CreatedOnToolsVersion = 13.2.1;
					};
				};
			};
			buildConfigurationList = E8377D0027ADE47200A8063E /* Build configuration list for PBXProject "Cryptocurrency" */;
			compatibilityVersion = "Xcode 13.0";
			developmentRegion = en;
			hasScannedForEncodings = 0;
			knownRegions = (
				en,
				Base,
			);
			mainGroup = E8377CFC27ADE47200A8063E;
			productRefGroup = E8377D0627ADE47200A8063E /* Products */;
			projectDirPath = "";
			projectRoot = "";
			targets = (
				E8377D0427ADE47200A8063E /* Cryptocurrency */,
			);
		};
/* End PBXProject section */

/* Begin PBXResourcesBuildPhase section */
		E8377D0327ADE47200A8063E /* Resources */ = {
			isa = PBXResourcesBuildPhase;
			buildActionMask = 2147483647;
			files = (
				E8377D1527ADE47A00A8063E /* LaunchScreen.storyboard in Resources */,
				E8377D1227ADE47A00A8063E /* Assets.xcassets in Resources */,
				E8377D1027ADE47200A8063E /* Main.storyboard in Resources */,
			);
			runOnlyForDeploymentPostprocessing = 0;
		};
/* End PBXResourcesBuildPhase section */

/* Begin PBXShellScriptBuildPhase section */
		069361DAFE8A378E1705A812 /* [CP] Check Pods Manifest.lock */ = {
			isa = PBXShellScriptBuildPhase;
			buildActionMask = 2147483647;
			files = (
			);
			inputFileListPaths = (
			);
			inputPaths = (
				"${PODS_PODFILE_DIR_PATH}/Podfile.lock",
				"${PODS_ROOT}/Manifest.lock",
			);
			name = "[CP] Check Pods Manifest.lock";
			outputFileListPaths = (
			);
			outputPaths = (
				"$(DERIVED_FILE_DIR)/Pods-Cryptocurrency-checkManifestLockResult.txt",
			);
			runOnlyForDeploymentPostprocessing = 0;
			shellPath = /bin/sh;
			shellScript = "diff \"${PODS_PODFILE_DIR_PATH}/Podfile.lock\" \"${PODS_ROOT}/Manifest.lock\" > /dev/null\nif [ $? != 0 ] ; then\n    # print error to STDERR\n    echo \"error: The sandbox is not in sync with the Podfile.lock. Run 'pod install' or update your CocoaPods installation.\" >&2\n    exit 1\nfi\n# This output is used by Xcode 'outputs' to avoid re-running this script phase.\necho \"SUCCESS\" > \"${SCRIPT_OUTPUT_FILE_0}\"\n";
			showEnvVarsInLog = 0;
		};
		C4D26A05FFD98892579D7776 /* [CP] Embed Pods Frameworks */ = {
			isa = PBXShellScriptBuildPhase;
			buildActionMask = 2147483647;
			files = (
			);
			inputFileListPaths = (
				"${PODS_ROOT}/Target Support Files/Pods-Cryptocurrency/Pods-Cryptocurrency-frameworks-${CONFIGURATION}-input-files.xcfilelist",
			);
			name = "[CP] Embed Pods Frameworks";
			outputFileListPaths = (
				"${PODS_ROOT}/Target Support Files/Pods-Cryptocurrency/Pods-Cryptocurrency-frameworks-${CONFIGURATION}-output-files.xcfilelist",
			);
			runOnlyForDeploymentPostprocessing = 0;
			shellPath = /bin/sh;
			shellScript = "\"${PODS_ROOT}/Target Support Files/Pods-Cryptocurrency/Pods-Cryptocurrency-frameworks.sh\"\n";
			showEnvVarsInLog = 0;
		};
/* End PBXShellScriptBuildPhase section */

/* Begin PBXSourcesBuildPhase section */
		E8377D0127ADE47200A8063E /* Sources */ = {
			isa = PBXSourcesBuildPhase;
			buildActionMask = 2147483647;
			files = (
				E8377D0D27ADE47200A8063E /* ViewController.swift in Sources */,
				E8377D2727ADE59900A8063E /* CryptoEndpoints.swift in Sources */,
				E8377D3E27AFE89B00A8063E /* TableViewToVC.swift in Sources */,
				E8377D3A27AEE9E700A8063E /* ImageDownloader.swift in Sources */,
				E8377D0927ADE47200A8063E /* AppDelegate.swift in Sources */,
				E8377D2327ADE50C00A8063E /* NetworkEngine.swift in Sources */,
				E8377D2B27AEA3E400A8063E /* CryptoPrizeAPI.swift in Sources */,
				E8377D2D27AEA77400A8063E /* CryptoViewModel.swift in Sources */,
				E8377D4527B0082100A8063E /* Storyboarded.swift in Sources */,
				E8377D3027AEBF8900A8063E /* ViewModelToVC.swift in Sources */,
				E8377D2927ADE79F00A8063E /* CryptoModel.swift in Sources */,
				E8377D3727AEDFCA00A8063E /* CryptoTableViewCell.swift in Sources */,
				E8377D3327AED61900A8063E /* TableViewHandler.swift in Sources */,
				E8377D0B27ADE47200A8063E /* SceneDelegate.swift in Sources */,
				E8377D2527ADE55500A8063E /* Endpoints.swift in Sources */,
				E8377D3C27AFE15C00A8063E /* DetailViewController.swift in Sources */,
			);
			runOnlyForDeploymentPostprocessing = 0;
		};
/* End PBXSourcesBuildPhase section */

/* Begin PBXVariantGroup section */
		E8377D0E27ADE47200A8063E /* Main.storyboard */ = {
			isa = PBXVariantGroup;
			children = (
				E8377D0F27ADE47200A8063E /* Base */,
			);
			name = Main.storyboard;
			sourceTree = "<group>";
		};
		E8377D1327ADE47A00A8063E /* LaunchScreen.storyboard */ = {
			isa = PBXVariantGroup;
			children = (
				E8377D1427ADE47A00A8063E /* Base */,
			);
			name = LaunchScreen.storyboard;
			sourceTree = "<group>";
		};
/* End PBXVariantGroup section */

/* Begin XCBuildConfiguration section */
		E8377D1727ADE47A00A8063E /* Debug */ = {
			isa = XCBuildConfiguration;
			buildSettings = {
				ALWAYS_SEARCH_USER_PATHS = NO;
				CLANG_ANALYZER_NONNULL = YES;
				CLANG_ANALYZER_NUMBER_OBJECT_CONVERSION = YES_AGGRESSIVE;
				CLANG_CXX_LANGUAGE_STANDARD = "gnu++17";
				CLANG_CXX_LIBRARY = "libc++";
				CLANG_ENABLE_MODULES = YES;
				CLANG_ENABLE_OBJC_ARC = YES;
				CLANG_ENABLE_OBJC_WEAK = YES;
				CLANG_WARN_BLOCK_CAPTURE_AUTORELEASING = YES;
				CLANG_WARN_BOOL_CONVERSION = YES;
				CLANG_WARN_COMMA = YES;
				CLANG_WARN_CONSTANT_CONVERSION = YES;
				CLANG_WARN_DEPRECATED_OBJC_IMPLEMENTATIONS = YES;
				CLANG_WARN_DIRECT_OBJC_ISA_USAGE = YES_ERROR;
				CLANG_WARN_DOCUMENTATION_COMMENTS = YES;
				CLANG_WARN_EMPTY_BODY = YES;
				CLANG_WARN_ENUM_CONVERSION = YES;
				CLANG_WARN_INFINITE_RECURSION = YES;
				CLANG_WARN_INT_CONVERSION = YES;
				CLANG_WARN_NON_LITERAL_NULL_CONVERSION = YES;
				CLANG_WARN_OBJC_IMPLICIT_RETAIN_SELF = YES;
				CLANG_WARN_OBJC_LITERAL_CONVERSION = YES;
				CLANG_WARN_OBJC_ROOT_CLASS = YES_ERROR;
				CLANG_WARN_QUOTED_INCLUDE_IN_FRAMEWORK_HEADER = YES;
				CLANG_WARN_RANGE_LOOP_ANALYSIS = YES;
				CLANG_WARN_STRICT_PROTOTYPES = YES;
				CLANG_WARN_SUSPICIOUS_MOVE = YES;
				CLANG_WARN_UNGUARDED_AVAILABILITY = YES_AGGRESSIVE;
				CLANG_WARN_UNREACHABLE_CODE = YES;
				CLANG_WARN__DUPLICATE_METHOD_MATCH = YES;
				COPY_PHASE_STRIP = NO;
				DEBUG_INFORMATION_FORMAT = dwarf;
				ENABLE_STRICT_OBJC_MSGSEND = YES;
				ENABLE_TESTABILITY = YES;
				GCC_C_LANGUAGE_STANDARD = gnu11;
				GCC_DYNAMIC_NO_PIC = NO;
				GCC_NO_COMMON_BLOCKS = YES;
				GCC_OPTIMIZATION_LEVEL = 0;
				GCC_PREPROCESSOR_DEFINITIONS = (
					"DEBUG=1",
					"$(inherited)",
				);
				GCC_WARN_64_TO_32_BIT_CONVERSION = YES;
				GCC_WARN_ABOUT_RETURN_TYPE = YES_ERROR;
				GCC_WARN_UNDECLARED_SELECTOR = YES;
				GCC_WARN_UNINITIALIZED_AUTOS = YES_AGGRESSIVE;
				GCC_WARN_UNUSED_FUNCTION = YES;
				GCC_WARN_UNUSED_VARIABLE = YES;
				IPHONEOS_DEPLOYMENT_TARGET = 15.2;
				MTL_ENABLE_DEBUG_INFO = INCLUDE_SOURCE;
				MTL_FAST_MATH = YES;
				ONLY_ACTIVE_ARCH = YES;
				SDKROOT = iphoneos;
				SWIFT_ACTIVE_COMPILATION_CONDITIONS = DEBUG;
				SWIFT_OPTIMIZATION_LEVEL = "-Onone";
			};
			name = Debug;
		};
		E8377D1827ADE47A00A8063E /* Release */ = {
			isa = XCBuildConfiguration;
			buildSettings = {
				ALWAYS_SEARCH_USER_PATHS = NO;
				CLANG_ANALYZER_NONNULL = YES;
				CLANG_ANALYZER_NUMBER_OBJECT_CONVERSION = YES_AGGRESSIVE;
				CLANG_CXX_LANGUAGE_STANDARD = "gnu++17";
				CLANG_CXX_LIBRARY = "libc++";
				CLANG_ENABLE_MODULES = YES;
				CLANG_ENABLE_OBJC_ARC = YES;
				CLANG_ENABLE_OBJC_WEAK = YES;
				CLANG_WARN_BLOCK_CAPTURE_AUTORELEASING = YES;
				CLANG_WARN_BOOL_CONVERSION = YES;
				CLANG_WARN_COMMA = YES;
				CLANG_WARN_CONSTANT_CONVERSION = YES;
				CLANG_WARN_DEPRECATED_OBJC_IMPLEMENTATIONS = YES;
				CLANG_WARN_DIRECT_OBJC_ISA_USAGE = YES_ERROR;
				CLANG_WARN_DOCUMENTATION_COMMENTS = YES;
				CLANG_WARN_EMPTY_BODY = YES;
				CLANG_WARN_ENUM_CONVERSION = YES;
				CLANG_WARN_INFINITE_RECURSION = YES;
				CLANG_WARN_INT_CONVERSION = YES;
				CLANG_WARN_NON_LITERAL_NULL_CONVERSION = YES;
				CLANG_WARN_OBJC_IMPLICIT_RETAIN_SELF = YES;
				CLANG_WARN_OBJC_LITERAL_CONVERSION = YES;
				CLANG_WARN_OBJC_ROOT_CLASS = YES_ERROR;
				CLANG_WARN_QUOTED_INCLUDE_IN_FRAMEWORK_HEADER = YES;
				CLANG_WARN_RANGE_LOOP_ANALYSIS = YES;
				CLANG_WARN_STRICT_PROTOTYPES = YES;
				CLANG_WARN_SUSPICIOUS_MOVE = YES;
				CLANG_WARN_UNGUARDED_AVAILABILITY = YES_AGGRESSIVE;
				CLANG_WARN_UNREACHABLE_CODE = YES;
				CLANG_WARN__DUPLICATE_METHOD_MATCH = YES;
				COPY_PHASE_STRIP = NO;
				DEBUG_INFORMATION_FORMAT = "dwarf-with-dsym";
				ENABLE_NS_ASSERTIONS = NO;
				ENABLE_STRICT_OBJC_MSGSEND = YES;
				GCC_C_LANGUAGE_STANDARD = gnu11;
				GCC_NO_COMMON_BLOCKS = YES;
				GCC_WARN_64_TO_32_BIT_CONVERSION = YES;
				GCC_WARN_ABOUT_RETURN_TYPE = YES_ERROR;
				GCC_WARN_UNDECLARED_SELECTOR = YES;
				GCC_WARN_UNINITIALIZED_AUTOS = YES_AGGRESSIVE;
				GCC_WARN_UNUSED_FUNCTION = YES;
				GCC_WARN_UNUSED_VARIABLE = YES;
				IPHONEOS_DEPLOYMENT_TARGET = 15.2;
				MTL_ENABLE_DEBUG_INFO = NO;
				MTL_FAST_MATH = YES;
				SDKROOT = iphoneos;
				SWIFT_COMPILATION_MODE = wholemodule;
				SWIFT_OPTIMIZATION_LEVEL = "-O";
				VALIDATE_PRODUCT = YES;
			};
			name = Release;
		};
		E8377D1A27ADE47A00A8063E /* Debug */ = {
			isa = XCBuildConfiguration;
			baseConfigurationReference = 4C45EED86E050F8C32DCA45F /* Pods-Cryptocurrency.debug.xcconfig */;
			buildSettings = {
				ASSETCATALOG_COMPILER_APPICON_NAME = AppIcon;
				ASSETCATALOG_COMPILER_GLOBAL_ACCENT_COLOR_NAME = AccentColor;
				CODE_SIGN_STYLE = Automatic;
				CURRENT_PROJECT_VERSION = 1;
				DEVELOPMENT_TEAM = 7R3EA54728;
				GENERATE_INFOPLIST_FILE = YES;
				INFOPLIST_FILE = Cryptocurrency/Info.plist;
				INFOPLIST_KEY_UIApplicationSupportsIndirectInputEvents = YES;
				INFOPLIST_KEY_UILaunchStoryboardName = LaunchScreen;
				INFOPLIST_KEY_UIMainStoryboardFile = Main;
				INFOPLIST_KEY_UISupportedInterfaceOrientations_iPad = "UIInterfaceOrientationPortrait UIInterfaceOrientationPortraitUpsideDown UIInterfaceOrientationLandscapeLeft UIInterfaceOrientationLandscapeRight";
				INFOPLIST_KEY_UISupportedInterfaceOrientations_iPhone = "UIInterfaceOrientationPortrait UIInterfaceOrientationLandscapeLeft UIInterfaceOrientationLandscapeRight";
				LD_RUNPATH_SEARCH_PATHS = (
					"$(inherited)",
					"@executable_path/Frameworks",
				);
				MARKETING_VERSION = 1.0;
				PRODUCT_BUNDLE_IDENTIFIER = com.archanavetkar.Cryptocurrency;
				PRODUCT_NAME = "$(TARGET_NAME)";
				SWIFT_EMIT_LOC_STRINGS = YES;
				SWIFT_VERSION = 5.0;
				TARGETED_DEVICE_FAMILY = 1;
			};
			name = Debug;
		};
		E8377D1B27ADE47A00A8063E /* Release */ = {
			isa = XCBuildConfiguration;
			baseConfigurationReference = 314252BF9D2F986AF63B79B6 /* Pods-Cryptocurrency.release.xcconfig */;
			buildSettings = {
				ASSETCATALOG_COMPILER_APPICON_NAME = AppIcon;
				ASSETCATALOG_COMPILER_GLOBAL_ACCENT_COLOR_NAME = AccentColor;
				CODE_SIGN_STYLE = Automatic;
				CURRENT_PROJECT_VERSION = 1;
				DEVELOPMENT_TEAM = 7R3EA54728;
				GENERATE_INFOPLIST_FILE = YES;
				INFOPLIST_FILE = Cryptocurrency/Info.plist;
				INFOPLIST_KEY_UIApplicationSupportsIndirectInputEvents = YES;
				INFOPLIST_KEY_UILaunchStoryboardName = LaunchScreen;
				INFOPLIST_KEY_UIMainStoryboardFile = Main;
				INFOPLIST_KEY_UISupportedInterfaceOrientations_iPad = "UIInterfaceOrientationPortrait UIInterfaceOrientationPortraitUpsideDown UIInterfaceOrientationLandscapeLeft UIInterfaceOrientationLandscapeRight";
				INFOPLIST_KEY_UISupportedInterfaceOrientations_iPhone = "UIInterfaceOrientationPortrait UIInterfaceOrientationLandscapeLeft UIInterfaceOrientationLandscapeRight";
				LD_RUNPATH_SEARCH_PATHS = (
					"$(inherited)",
					"@executable_path/Frameworks",
				);
				MARKETING_VERSION = 1.0;
				PRODUCT_BUNDLE_IDENTIFIER = com.archanavetkar.Cryptocurrency;
				PRODUCT_NAME = "$(TARGET_NAME)";
				SWIFT_EMIT_LOC_STRINGS = YES;
				SWIFT_VERSION = 5.0;
				TARGETED_DEVICE_FAMILY = 1;
			};
			name = Release;
		};
/* End XCBuildConfiguration section */

/* Begin XCConfigurationList section */
		E8377D0027ADE47200A8063E /* Build configuration list for PBXProject "Cryptocurrency" */ = {
			isa = XCConfigurationList;
			buildConfigurations = (
				E8377D1727ADE47A00A8063E /* Debug */,
				E8377D1827ADE47A00A8063E /* Release */,
			);
			defaultConfigurationIsVisible = 0;
			defaultConfigurationName = Release;
		};
		E8377D1927ADE47A00A8063E /* Build configuration list for PBXNativeTarget "Cryptocurrency" */ = {
			isa = XCConfigurationList;
			buildConfigurations = (
				E8377D1A27ADE47A00A8063E /* Debug */,
				E8377D1B27ADE47A00A8063E /* Release */,
			);
			defaultConfigurationIsVisible = 0;
			defaultConfigurationName = Release;
		};
/* End XCConfigurationList section */
	};
	rootObject = E8377CFD27ADE47200A8063E /* Project object */;
}
